// !$*UTF8*$!
{
	archiveVersion = 1;
	classes = {
	};
	objectVersion = 56;
	objects = {

/* Begin PBXBuildFile section */
		078890BC18EE55B23F1C2F7E /* Pods_BinaryGuru.framework in Frameworks */ = {isa = PBXBuildFile; fileRef = 28875AB195419EB2F850EBBB /* Pods_BinaryGuru.framework */; };
		61539C492BA551F200676D9D /* AppDelegate.swift in Sources */ = {isa = PBXBuildFile; fileRef = 61539C482BA551F200676D9D /* AppDelegate.swift */; };
		61539C4B2BA551F200676D9D /* SceneDelegate.swift in Sources */ = {isa = PBXBuildFile; fileRef = 61539C4A2BA551F200676D9D /* SceneDelegate.swift */; };
		61539C4D2BA551F200676D9D /* ViewController.swift in Sources */ = {isa = PBXBuildFile; fileRef = 61539C4C2BA551F200676D9D /* ViewController.swift */; };
		61539C502BA551F200676D9D /* Main.storyboard in Resources */ = {isa = PBXBuildFile; fileRef = 61539C4E2BA551F200676D9D /* Main.storyboard */; };
		61539C522BA551F300676D9D /* Assets.xcassets in Resources */ = {isa = PBXBuildFile; fileRef = 61539C512BA551F300676D9D /* Assets.xcassets */; };
		61539C552BA551F300676D9D /* LaunchScreen.storyboard in Resources */ = {isa = PBXBuildFile; fileRef = 61539C532BA551F300676D9D /* LaunchScreen.storyboard */; };
		61539C682BA5545400676D9D /* VC1.swift in Sources */ = {isa = PBXBuildFile; fileRef = 61539C672BA5545400676D9D /* VC1.swift */; };
		61539C6A2BA5545900676D9D /* VC2.swift in Sources */ = {isa = PBXBuildFile; fileRef = 61539C692BA5545900676D9D /* VC2.swift */; };
		61539C6C2BA554B300676D9D /* MainVC.swift in Sources */ = {isa = PBXBuildFile; fileRef = 61539C6B2BA554B300676D9D /* MainVC.swift */; };
		61539C762BA5555500676D9D /* Ones.swift in Sources */ = {isa = PBXBuildFile; fileRef = 61539C752BA5555500676D9D /* Ones.swift */; };
		61539C782BA5555D00676D9D /* Twos.swift in Sources */ = {isa = PBXBuildFile; fileRef = 61539C772BA5555D00676D9D /* Twos.swift */; };
		61539C7E2BA5671A00676D9D /* NOR.swift in Sources */ = {isa = PBXBuildFile; fileRef = 61539C7A2BA5671A00676D9D /* NOR.swift */; };
		61539C7F2BA5671A00676D9D /* XORcalculator.swift in Sources */ = {isa = PBXBuildFile; fileRef = 61539C7B2BA5671A00676D9D /* XORcalculator.swift */; };
		61539C802BA5671A00676D9D /* And.swift in Sources */ = {isa = PBXBuildFile; fileRef = 61539C7C2BA5671A00676D9D /* And.swift */; };
		61539C812BA5671A00676D9D /* ORcalculator.swift in Sources */ = {isa = PBXBuildFile; fileRef = 61539C7D2BA5671A00676D9D /* ORcalculator.swift */; };
/* End PBXBuildFile section */

/* Begin PBXFileReference section */
		28875AB195419EB2F850EBBB /* Pods_BinaryGuru.framework */ = {isa = PBXFileReference; explicitFileType = wrapper.framework; includeInIndex = 0; path = Pods_BinaryGuru.framework; sourceTree = BUILT_PRODUCTS_DIR; };
		4EC2861585370C99898CBF19 /* Pods-BinaryGuru.debug.xcconfig */ = {isa = PBXFileReference; includeInIndex = 1; lastKnownFileType = text.xcconfig; name = "Pods-BinaryGuru.debug.xcconfig"; path = "Target Support Files/Pods-BinaryGuru/Pods-BinaryGuru.debug.xcconfig"; sourceTree = "<group>"; };
		61539C452BA551F200676D9D /* BinaryGuru.app */ = {isa = PBXFileReference; explicitFileType = wrapper.application; includeInIndex = 0; path = BinaryGuru.app; sourceTree = BUILT_PRODUCTS_DIR; };
		61539C482BA551F200676D9D /* AppDelegate.swift */ = {isa = PBXFileReference; lastKnownFileType = sourcecode.swift; path = AppDelegate.swift; sourceTree = "<group>"; };
		61539C4A2BA551F200676D9D /* SceneDelegate.swift */ = {isa = PBXFileReference; lastKnownFileType = sourcecode.swift; path = SceneDelegate.swift; sourceTree = "<group>"; };
		61539C4C2BA551F200676D9D /* ViewController.swift */ = {isa = PBXFileReference; lastKnownFileType = sourcecode.swift; path = ViewController.swift; sourceTree = "<group>"; };
		61539C4F2BA551F200676D9D /* Base */ = {isa = PBXFileReference; lastKnownFileType = file.storyboard; name = Base; path = Base.lproj/Main.storyboard; sourceTree = "<group>"; };
		61539C512BA551F300676D9D /* Assets.xcassets */ = {isa = PBXFileReference; lastKnownFileType = folder.assetcatalog; path = Assets.xcassets; sourceTree = "<group>"; };
		61539C542BA551F300676D9D /* Base */ = {isa = PBXFileReference; lastKnownFileType = file.storyboard; name = Base; path = Base.lproj/LaunchScreen.storyboard; sourceTree = "<group>"; };
		61539C562BA551F300676D9D /* Info.plist */ = {isa = PBXFileReference; lastKnownFileType = text.plist.xml; path = Info.plist; sourceTree = "<group>"; };
		61539C672BA5545400676D9D /* VC1.swift */ = {isa = PBXFileReference; lastKnownFileType = sourcecode.swift; path = VC1.swift; sourceTree = "<group>"; };
		61539C692BA5545900676D9D /* VC2.swift */ = {isa = PBXFileReference; lastKnownFileType = sourcecode.swift; path = VC2.swift; sourceTree = "<group>"; };
		61539C6B2BA554B300676D9D /* MainVC.swift */ = {isa = PBXFileReference; lastKnownFileType = sourcecode.swift; path = MainVC.swift; sourceTree = "<group>"; };
		61539C752BA5555500676D9D /* Ones.swift */ = {isa = PBXFileReference; lastKnownFileType = sourcecode.swift; path = Ones.swift; sourceTree = "<group>"; };
		61539C772BA5555D00676D9D /* Twos.swift */ = {isa = PBXFileReference; lastKnownFileType = sourcecode.swift; path = Twos.swift; sourceTree = "<group>"; };
		61539C7A2BA5671A00676D9D /* NOR.swift */ = {isa = PBXFileReference; fileEncoding = 4; lastKnownFileType = sourcecode.swift; path = NOR.swift; sourceTree = "<group>"; };
		61539C7B2BA5671A00676D9D /* XORcalculator.swift */ = {isa = PBXFileReference; fileEncoding = 4; lastKnownFileType = sourcecode.swift; path = XORcalculator.swift; sourceTree = "<group>"; };
		61539C7C2BA5671A00676D9D /* And.swift */ = {isa = PBXFileReference; fileEncoding = 4; lastKnownFileType = sourcecode.swift; path = And.swift; sourceTree = "<group>"; };
		61539C7D2BA5671A00676D9D /* ORcalculator.swift */ = {isa = PBXFileReference; fileEncoding = 4; lastKnownFileType = sourcecode.swift; path = ORcalculator.swift; sourceTree = "<group>"; };
		68CC8DCA18FC1889E9AAA0E5 /* Pods-BinaryGuru.release.xcconfig */ = {isa = PBXFileReference; includeInIndex = 1; lastKnownFileType = text.xcconfig; name = "Pods-BinaryGuru.release.xcconfig"; path = "Target Support Files/Pods-BinaryGuru/Pods-BinaryGuru.release.xcconfig"; sourceTree = "<group>"; };
/* End PBXFileReference section */

/* Begin PBXFrameworksBuildPhase section */
		61539C422BA551F200676D9D /* Frameworks */ = {
			isa = PBXFrameworksBuildPhase;
			buildActionMask = 2147483647;
			files = (
				078890BC18EE55B23F1C2F7E /* Pods_BinaryGuru.framework in Frameworks */,
			);
			runOnlyForDeploymentPostprocessing = 0;
		};
/* End PBXFrameworksBuildPhase section */

/* Begin PBXGroup section */
		61539C3C2BA551F200676D9D = {
			isa = PBXGroup;
			children = (
				61539C472BA551F200676D9D /* BinaryGuru */,
				61539C462BA551F200676D9D /* Products */,
				83151493695AFC1FBA2F96B0 /* Pods */,
				F9FC15E88B06CB30508C4E78 /* Frameworks */,
			);
			sourceTree = "<group>";
		};
		61539C462BA551F200676D9D /* Products */ = {
			isa = PBXGroup;
			children = (
				61539C452BA551F200676D9D /* BinaryGuru.app */,
			);
			name = Products;
			sourceTree = "<group>";
		};
		61539C472BA551F200676D9D /* BinaryGuru */ = {
			isa = PBXGroup;
			children = (
				61539C482BA551F200676D9D /* AppDelegate.swift */,
				61539C4A2BA551F200676D9D /* SceneDelegate.swift */,
				61539C4C2BA551F200676D9D /* ViewController.swift */,
				61539C672BA5545400676D9D /* VC1.swift */,
				61539C692BA5545900676D9D /* VC2.swift */,
				61539C6B2BA554B300676D9D /* MainVC.swift */,
				61539C792BA5558800676D9D /* Converter */,
				61539C4E2BA551F200676D9D /* Main.storyboard */,
				61539C512BA551F300676D9D /* Assets.xcassets */,
				61539C532BA551F300676D9D /* LaunchScreen.storyboard */,
				61539C562BA551F300676D9D /* Info.plist */,
			);
			path = BinaryGuru;
			sourceTree = "<group>";
		};
		61539C792BA5558800676D9D /* Converter */ = {
			isa = PBXGroup;
			children = (
				61539C7C2BA5671A00676D9D /* And.swift */,
				61539C7A2BA5671A00676D9D /* NOR.swift */,
				61539C7D2BA5671A00676D9D /* ORcalculator.swift */,
				61539C7B2BA5671A00676D9D /* XORcalculator.swift */,
				61539C752BA5555500676D9D /* Ones.swift */,
				61539C772BA5555D00676D9D /* Twos.swift */,
			);
			path = Converter;
			sourceTree = "<group>";
		};
		83151493695AFC1FBA2F96B0 /* Pods */ = {
			isa = PBXGroup;
			children = (
				4EC2861585370C99898CBF19 /* Pods-BinaryGuru.debug.xcconfig */,
				68CC8DCA18FC1889E9AAA0E5 /* Pods-BinaryGuru.release.xcconfig */,
			);
			path = Pods;
			sourceTree = "<group>";
		};
		F9FC15E88B06CB30508C4E78 /* Frameworks */ = {
			isa = PBXGroup;
			children = (
				28875AB195419EB2F850EBBB /* Pods_BinaryGuru.framework */,
			);
			name = Frameworks;
			sourceTree = "<group>";
		};
/* End PBXGroup section */

/* Begin PBXNativeTarget section */
		61539C442BA551F200676D9D /* BinaryGuru */ = {
			isa = PBXNativeTarget;
			buildConfigurationList = 61539C592BA551F300676D9D /* Build configuration list for PBXNativeTarget "BinaryGuru" */;
			buildPhases = (
				B954B819CC7849267EC5D80C /* [CP] Check Pods Manifest.lock */,
				61539C412BA551F200676D9D /* Sources */,
				61539C422BA551F200676D9D /* Frameworks */,
				61539C432BA551F200676D9D /* Resources */,
				CC3DD383F8A1FE0403203C62 /* [CP] Embed Pods Frameworks */,
			);
			buildRules = (
			);
			dependencies = (
			);
			name = BinaryGuru;
			productName = BinaryGuru;
			productReference = 61539C452BA551F200676D9D /* BinaryGuru.app */;
			productType = "com.apple.product-type.application";
		};
/* End PBXNativeTarget section */

/* Begin PBXProject section */
		61539C3D2BA551F200676D9D /* Project object */ = {
			isa = PBXProject;
			attributes = {
				BuildIndependentTargetsInParallel = 1;
				LastSwiftUpdateCheck = 1410;
				LastUpgradeCheck = 1410;
				TargetAttributes = {
					61539C442BA551F200676D9D = {
						CreatedOnToolsVersion = 14.1;
					};
				};
			};
			buildConfigurationList = 61539C402BA551F200676D9D /* Build configuration list for PBXProject "BinaryGuru" */;
			compatibilityVersion = "Xcode 14.0";
			developmentRegion = en;
			hasScannedForEncodings = 0;
			knownRegions = (
				en,
				Base,
			);
			mainGroup = 61539C3C2BA551F200676D9D;
			productRefGroup = 61539C462BA551F200676D9D /* Products */;
			projectDirPath = "";
			projectRoot = "";
			targets = (
				61539C442BA551F200676D9D /* BinaryGuru */,
			);
		};
/* End PBXProject section */

/* Begin PBXResourcesBuildPhase section */
		61539C432BA551F200676D9D /* Resources */ = {
			isa = PBXResourcesBuildPhase;
			buildActionMask = 2147483647;
			files = (
				61539C552BA551F300676D9D /* LaunchScreen.storyboard in Resources */,
				61539C522BA551F300676D9D /* Assets.xcassets in Resources */,
				61539C502BA551F200676D9D /* Main.storyboard in Resources */,
			);
			runOnlyForDeploymentPostprocessing = 0;
		};
/* End PBXResourcesBuildPhase section */

/* Begin PBXShellScriptBuildPhase section */
		B954B819CC7849267EC5D80C /* [CP] Check Pods Manifest.lock */ = {
			isa = PBXShellScriptBuildPhase;
			buildActionMask = 2147483647;
			files = (
			);
			inputFileListPaths = (
			);
			inputPaths = (
				"${PODS_PODFILE_DIR_PATH}/Podfile.lock",
				"${PODS_ROOT}/Manifest.lock",
			);
			name = "[CP] Check Pods Manifest.lock";
			outputFileListPaths = (
			);
			outputPaths = (
				"$(DERIVED_FILE_DIR)/Pods-BinaryGuru-checkManifestLockResult.txt",
			);
			runOnlyForDeploymentPostprocessing = 0;
			shellPath = /bin/sh;
			shellScript = "diff \"${PODS_PODFILE_DIR_PATH}/Podfile.lock\" \"${PODS_ROOT}/Manifest.lock\" > /dev/null\nif [ $? != 0 ] ; then\n    # print error to STDERR\n    echo \"error: The sandbox is not in sync with the Podfile.lock. Run 'pod install' or update your CocoaPods installation.\" >&2\n    exit 1\nfi\n# This output is used by Xcode 'outputs' to avoid re-running this script phase.\necho \"SUCCESS\" > \"${SCRIPT_OUTPUT_FILE_0}\"\n";
			showEnvVarsInLog = 0;
		};
		CC3DD383F8A1FE0403203C62 /* [CP] Embed Pods Frameworks */ = {
			isa = PBXShellScriptBuildPhase;
			buildActionMask = 2147483647;
			files = (
			);
			inputFileListPaths = (
				"${PODS_ROOT}/Target Support Files/Pods-BinaryGuru/Pods-BinaryGuru-frameworks-${CONFIGURATION}-input-files.xcfilelist",
			);
			name = "[CP] Embed Pods Frameworks";
			outputFileListPaths = (
				"${PODS_ROOT}/Target Support Files/Pods-BinaryGuru/Pods-BinaryGuru-frameworks-${CONFIGURATION}-output-files.xcfilelist",
			);
			runOnlyForDeploymentPostprocessing = 0;
			shellPath = /bin/sh;
			shellScript = "\"${PODS_ROOT}/Target Support Files/Pods-BinaryGuru/Pods-BinaryGuru-frameworks.sh\"\n";
			showEnvVarsInLog = 0;
		};
/* End PBXShellScriptBuildPhase section */

/* Begin PBXSourcesBuildPhase section */
		61539C412BA551F200676D9D /* Sources */ = {
			isa = PBXSourcesBuildPhase;
			buildActionMask = 2147483647;
			files = (
				61539C682BA5545400676D9D /* VC1.swift in Sources */,
				61539C4D2BA551F200676D9D /* ViewController.swift in Sources */,
				61539C812BA5671A00676D9D /* ORcalculator.swift in Sources */,
				61539C7F2BA5671A00676D9D /* XORcalculator.swift in Sources */,
				61539C6C2BA554B300676D9D /* MainVC.swift in Sources */,
				61539C802BA5671A00676D9D /* And.swift in Sources */,
				61539C492BA551F200676D9D /* AppDelegate.swift in Sources */,
				61539C762BA5555500676D9D /* Ones.swift in Sources */,
				61539C7E2BA5671A00676D9D /* NOR.swift in Sources */,
				61539C782BA5555D00676D9D /* Twos.swift in Sources */,
				61539C6A2BA5545900676D9D /* VC2.swift in Sources */,
				61539C4B2BA551F200676D9D /* SceneDelegate.swift in Sources */,
			);
			runOnlyForDeploymentPostprocessing = 0;
		};
/* End PBXSourcesBuildPhase section */

/* Begin PBXVariantGroup section */
		61539C4E2BA551F200676D9D /* Main.storyboard */ = {
			isa = PBXVariantGroup;
			children = (
				61539C4F2BA551F200676D9D /* Base */,
			);
			name = Main.storyboard;
			sourceTree = "<group>";
		};
		61539C532BA551F300676D9D /* LaunchScreen.storyboard */ = {
			isa = PBXVariantGroup;
			children = (
				61539C542BA551F300676D9D /* Base */,
			);
			name = LaunchScreen.storyboard;
			sourceTree = "<group>";
		};
/* End PBXVariantGroup section */

/* Begin XCBuildConfiguration section */
		61539C572BA551F300676D9D /* Debug */ = {
			isa = XCBuildConfiguration;
			buildSettings = {
				ALWAYS_SEARCH_USER_PATHS = NO;
				CLANG_ANALYZER_NONNULL = YES;
				CLANG_ANALYZER_NUMBER_OBJECT_CONVERSION = YES_AGGRESSIVE;
				CLANG_CXX_LANGUAGE_STANDARD = "gnu++20";
				CLANG_ENABLE_MODULES = YES;
				CLANG_ENABLE_OBJC_ARC = YES;
				CLANG_ENABLE_OBJC_WEAK = YES;
				CLANG_WARN_BLOCK_CAPTURE_AUTORELEASING = YES;
				CLANG_WARN_BOOL_CONVERSION = YES;
				CLANG_WARN_COMMA = YES;
				CLANG_WARN_CONSTANT_CONVERSION = YES;
				CLANG_WARN_DEPRECATED_OBJC_IMPLEMENTATIONS = YES;
				CLANG_WARN_DIRECT_OBJC_ISA_USAGE = YES_ERROR;
				CLANG_WARN_DOCUMENTATION_COMMENTS = YES;
				CLANG_WARN_EMPTY_BODY = YES;
				CLANG_WARN_ENUM_CONVERSION = YES;
				CLANG_WARN_INFINITE_RECURSION = YES;
				CLANG_WARN_INT_CONVERSION = YES;
				CLANG_WARN_NON_LITERAL_NULL_CONVERSION = YES;
				CLANG_WARN_OBJC_IMPLICIT_RETAIN_SELF = YES;
				CLANG_WARN_OBJC_LITERAL_CONVERSION = YES;
				CLANG_WARN_OBJC_ROOT_CLASS = YES_ERROR;
				CLANG_WARN_QUOTED_INCLUDE_IN_FRAMEWORK_HEADER = YES;
				CLANG_WARN_RANGE_LOOP_ANALYSIS = YES;
				CLANG_WARN_STRICT_PROTOTYPES = YES;
				CLANG_WARN_SUSPICIOUS_MOVE = YES;
				CLANG_WARN_UNGUARDED_AVAILABILITY = YES_AGGRESSIVE;
				CLANG_WARN_UNREACHABLE_CODE = YES;
				CLANG_WARN__DUPLICATE_METHOD_MATCH = YES;
				COPY_PHASE_STRIP = NO;
				DEBUG_INFORMATION_FORMAT = dwarf;
				ENABLE_STRICT_OBJC_MSGSEND = YES;
				ENABLE_TESTABILITY = YES;
				GCC_C_LANGUAGE_STANDARD = gnu11;
				GCC_DYNAMIC_NO_PIC = NO;
				GCC_NO_COMMON_BLOCKS = YES;
				GCC_OPTIMIZATION_LEVEL = 0;
				GCC_PREPROCESSOR_DEFINITIONS = (
					"DEBUG=1",
					"$(inherited)",
				);
				GCC_WARN_64_TO_32_BIT_CONVERSION = YES;
				GCC_WARN_ABOUT_RETURN_TYPE = YES_ERROR;
				GCC_WARN_UNDECLARED_SELECTOR = YES;
				GCC_WARN_UNINITIALIZED_AUTOS = YES_AGGRESSIVE;
				GCC_WARN_UNUSED_FUNCTION = YES;
				GCC_WARN_UNUSED_VARIABLE = YES;
				IPHONEOS_DEPLOYMENT_TARGET = 16.1;
				MTL_ENABLE_DEBUG_INFO = INCLUDE_SOURCE;
				MTL_FAST_MATH = YES;
				ONLY_ACTIVE_ARCH = YES;
				SDKROOT = iphoneos;
				SWIFT_ACTIVE_COMPILATION_CONDITIONS = DEBUG;
				SWIFT_OPTIMIZATION_LEVEL = "-Onone";
			};
			name = Debug;
		};
		61539C582BA551F300676D9D /* Release */ = {
			isa = XCBuildConfiguration;
			buildSettings = {
				ALWAYS_SEARCH_USER_PATHS = NO;
				CLANG_ANALYZER_NONNULL = YES;
				CLANG_ANALYZER_NUMBER_OBJECT_CONVERSION = YES_AGGRESSIVE;
				CLANG_CXX_LANGUAGE_STANDARD = "gnu++20";
				CLANG_ENABLE_MODULES = YES;
				CLANG_ENABLE_OBJC_ARC = YES;
				CLANG_ENABLE_OBJC_WEAK = YES;
				CLANG_WARN_BLOCK_CAPTURE_AUTORELEASING = YES;
				CLANG_WARN_BOOL_CONVERSION = YES;
				CLANG_WARN_COMMA = YES;
				CLANG_WARN_CONSTANT_CONVERSION = YES;
				CLANG_WARN_DEPRECATED_OBJC_IMPLEMENTATIONS = YES;
				CLANG_WARN_DIRECT_OBJC_ISA_USAGE = YES_ERROR;
				CLANG_WARN_DOCUMENTATION_COMMENTS = YES;
				CLANG_WARN_EMPTY_BODY = YES;
				CLANG_WARN_ENUM_CONVERSION = YES;
				CLANG_WARN_INFINITE_RECURSION = YES;
				CLANG_WARN_INT_CONVERSION = YES;
				CLANG_WARN_NON_LITERAL_NULL_CONVERSION = YES;
				CLANG_WARN_OBJC_IMPLICIT_RETAIN_SELF = YES;
				CLANG_WARN_OBJC_LITERAL_CONVERSION = YES;
				CLANG_WARN_OBJC_ROOT_CLASS = YES_ERROR;
				CLANG_WARN_QUOTED_INCLUDE_IN_FRAMEWORK_HEADER = YES;
				CLANG_WARN_RANGE_LOOP_ANALYSIS = YES;
				CLANG_WARN_STRICT_PROTOTYPES = YES;
				CLANG_WARN_SUSPICIOUS_MOVE = YES;
				CLANG_WARN_UNGUARDED_AVAILABILITY = YES_AGGRESSIVE;
				CLANG_WARN_UNREACHABLE_CODE = YES;
				CLANG_WARN__DUPLICATE_METHOD_MATCH = YES;
				COPY_PHASE_STRIP = NO;
				DEBUG_INFORMATION_FORMAT = "dwarf-with-dsym";
				ENABLE_NS_ASSERTIONS = NO;
				ENABLE_STRICT_OBJC_MSGSEND = YES;
				GCC_C_LANGUAGE_STANDARD = gnu11;
				GCC_NO_COMMON_BLOCKS = YES;
				GCC_WARN_64_TO_32_BIT_CONVERSION = YES;
				GCC_WARN_ABOUT_RETURN_TYPE = YES_ERROR;
				GCC_WARN_UNDECLARED_SELECTOR = YES;
				GCC_WARN_UNINITIALIZED_AUTOS = YES_AGGRESSIVE;
				GCC_WARN_UNUSED_FUNCTION = YES;
				GCC_WARN_UNUSED_VARIABLE = YES;
				IPHONEOS_DEPLOYMENT_TARGET = 16.1;
				MTL_ENABLE_DEBUG_INFO = NO;
				MTL_FAST_MATH = YES;
				SDKROOT = iphoneos;
				SWIFT_COMPILATION_MODE = wholemodule;
				SWIFT_OPTIMIZATION_LEVEL = "-O";
				VALIDATE_PRODUCT = YES;
			};
			name = Release;
		};
		61539C5A2BA551F300676D9D /* Debug */ = {
			isa = XCBuildConfiguration;
			baseConfigurationReference = 4EC2861585370C99898CBF19 /* Pods-BinaryGuru.debug.xcconfig */;
			buildSettings = {
				ASSETCATALOG_COMPILER_APPICON_NAME = AppIcon;
				ASSETCATALOG_COMPILER_GLOBAL_ACCENT_COLOR_NAME = AccentColor;
				CODE_SIGN_STYLE = Automatic;
				CURRENT_PROJECT_VERSION = 1;
				GENERATE_INFOPLIST_FILE = YES;
				INFOPLIST_FILE = BinaryGuru/Info.plist;
				INFOPLIST_KEY_CFBundleDisplayName = BinaryGuru;
				INFOPLIST_KEY_UIApplicationSupportsIndirectInputEvents = YES;
				INFOPLIST_KEY_UILaunchStoryboardName = LaunchScreen;
				INFOPLIST_KEY_UIMainStoryboardFile = Main;
				INFOPLIST_KEY_UISupportedInterfaceOrientations_iPad = "UIInterfaceOrientationPortrait UIInterfaceOrientationPortraitUpsideDown UIInterfaceOrientationLandscapeLeft UIInterfaceOrientationLandscapeRight";
				INFOPLIST_KEY_UISupportedInterfaceOrientations_iPhone = "UIInterfaceOrientationPortrait UIInterfaceOrientationLandscapeLeft UIInterfaceOrientationLandscapeRight";
				IPHONEOS_DEPLOYMENT_TARGET = 12.0;
				LD_RUNPATH_SEARCH_PATHS = (
					"$(inherited)",
					"@executable_path/Frameworks",
				);
				MARKETING_VERSION = 1.0;
				PRODUCT_BUNDLE_IDENTIFIER = com.firstproject11.BinaryGuru;
				PRODUCT_NAME = "$(TARGET_NAME)";
				SUPPORTED_PLATFORMS = "iphoneos iphonesimulator";
				SUPPORTS_MACCATALYST = NO;
				SUPPORTS_MAC_DESIGNED_FOR_IPHONE_IPAD = NO;
				SWIFT_EMIT_LOC_STRINGS = YES;
				SWIFT_VERSION = 5.0;
				TARGETED_DEVICE_FAMILY = 1;
			};
			name = Debug;
		};
		61539C5B2BA551F300676D9D /* Release */ = {
			isa = XCBuildConfiguration;
			baseConfigurationReference = 68CC8DCA18FC1889E9AAA0E5 /* Pods-BinaryGuru.release.xcconfig */;
			buildSettings = {
				ASSETCATALOG_COMPILER_APPICON_NAME = AppIcon;
				ASSETCATALOG_COMPILER_GLOBAL_ACCENT_COLOR_NAME = AccentColor;
				CODE_SIGN_STYLE = Automatic;
				CURRENT_PROJECT_VERSION = 1;
				GENERATE_INFOPLIST_FILE = YES;
				INFOPLIST_FILE = BinaryGuru/Info.plist;
				INFOPLIST_KEY_CFBundleDisplayName = BinaryGuru;
				INFOPLIST_KEY_UIApplicationSupportsIndirectInputEvents = YES;
				INFOPLIST_KEY_UILaunchStoryboardName = LaunchScreen;
				INFOPLIST_KEY_UIMainStoryboardFile = Main;
				INFOPLIST_KEY_UISupportedInterfaceOrientations_iPad = "UIInterfaceOrientationPortrait UIInterfaceOrientationPortraitUpsideDown UIInterfaceOrientationLandscapeLeft UIInterfaceOrientationLandscapeRight";
				INFOPLIST_KEY_UISupportedInterfaceOrientations_iPhone = "UIInterfaceOrientationPortrait UIInterfaceOrientationLandscapeLeft UIInterfaceOrientationLandscapeRight";
				IPHONEOS_DEPLOYMENT_TARGET = 12.0;
				LD_RUNPATH_SEARCH_PATHS = (
					"$(inherited)",
					"@executable_path/Frameworks",
				);
				MARKETING_VERSION = 1.0;
				PRODUCT_BUNDLE_IDENTIFIER = com.firstproject11.BinaryGuru;
				PRODUCT_NAME = "$(TARGET_NAME)";
				SUPPORTED_PLATFORMS = "iphoneos iphonesimulator";
				SUPPORTS_MACCATALYST = NO;
				SUPPORTS_MAC_DESIGNED_FOR_IPHONE_IPAD = NO;
				SWIFT_EMIT_LOC_STRINGS = YES;
				SWIFT_VERSION = 5.0;
				TARGETED_DEVICE_FAMILY = 1;
			};
			name = Release;
		};
/* End XCBuildConfiguration section */

/* Begin XCConfigurationList section */
		61539C402BA551F200676D9D /* Build configuration list for PBXProject "BinaryGuru" */ = {
			isa = XCConfigurationList;
			buildConfigurations = (
				61539C572BA551F300676D9D /* Debug */,
				61539C582BA551F300676D9D /* Release */,
			);
			defaultConfigurationIsVisible = 0;
			defaultConfigurationName = Release;
		};
		61539C592BA551F300676D9D /* Build configuration list for PBXNativeTarget "BinaryGuru" */ = {
			isa = XCConfigurationList;
			buildConfigurations = (
				61539C5A2BA551F300676D9D /* Debug */,
				61539C5B2BA551F300676D9D /* Release */,
			);
			defaultConfigurationIsVisible = 0;
			defaultConfigurationName = Release;
		};
/* End XCConfigurationList section */
	};
	rootObject = 61539C3D2BA551F200676D9D /* Project object */;
}
